
Microsoft Visual Studio Solution File, Format Version 12.00
# Visual Studio Version 16
VisualStudioVersion = 16.0.28705.295
MinimumVisualStudioVersion = 10.0.40219.1
Project("{FAE04EC0-301F-11D3-BF4B-00C04F79EFBC}") = "RpiUNO", "RpiCore\RpiUNO.csproj", "{DDC0AD38-0118-4DD2-9050-98D741594442}"
EndProject
Project("{FAE04EC0-301F-11D3-BF4B-00C04F79EFBC}") = "SampleRpiUWP", "SampleRpiUWP\SampleRpiUWP.csproj", "{69912D97-4A97-4213-ACCF-F1495323D72A}"
EndProject
Global
	GlobalSection(SolutionConfigurationPlatforms) = preSolution
		Debug|Any CPU = Debug|Any CPU
		Debug|ARM = Debug|ARM
		Debug|ARM64 = Debug|ARM64
		Debug|x64 = Debug|x64
		Debug|x86 = Debug|x86
		Release|Any CPU = Release|Any CPU
		Release|ARM = Release|ARM
		Release|ARM64 = Release|ARM64
		Release|x64 = Release|x64
		Release|x86 = Release|x86
	EndGlobalSection
	GlobalSection(ProjectConfigurationPlatforms) = postSolution
		{DDC0AD38-0118-4DD2-9050-98D741594442}.Debug|Any CPU.ActiveCfg = Debug|Any CPU
		{DDC0AD38-0118-4DD2-9050-98D741594442}.Debug|Any CPU.Build.0 = Debug|Any CPU
		{DDC0AD38-0118-4DD2-9050-98D741594442}.Debug|ARM.ActiveCfg = Debug|ARM
		{DDC0AD38-0118-4DD2-9050-98D741594442}.Debug|ARM.Build.0 = Debug|ARM
		{DDC0AD38-0118-4DD2-9050-98D741594442}.Debug|ARM64.ActiveCfg = Debug|ARM64
		{DDC0AD38-0118-4DD2-9050-98D741594442}.Debug|ARM64.Build.0 = Debug|ARM64
		{DDC0AD38-0118-4DD2-9050-98D741594442}.Debug|x64.ActiveCfg = Debug|x64
		{DDC0AD38-0118-4DD2-9050-98D741594442}.Debug|x64.Build.0 = Debug|x64
		{DDC0AD38-0118-4DD2-9050-98D741594442}.Debug|x86.ActiveCfg = Debug|x86
		{DDC0AD38-0118-4DD2-9050-98D741594442}.Debug|x86.Build.0 = Debug|x86
		{DDC0AD38-0118-4DD2-9050-98D741594442}.Release|Any CPU.ActiveCfg = Release|Any CPU
		{DDC0AD38-0118-4DD2-9050-98D741594442}.Release|Any CPU.Build.0 = Release|Any CPU
		{DDC0AD38-0118-4DD2-9050-98D741594442}.Release|ARM.ActiveCfg = Release|ARM
		{DDC0AD38-0118-4DD2-9050-98D741594442}.Release|ARM.Build.0 = Release|ARM
		{DDC0AD38-0118-4DD2-9050-98D741594442}.Release|ARM64.ActiveCfg = Release|ARM64
		{DDC0AD38-0118-4DD2-9050-98D741594442}.Release|ARM64.Build.0 = Release|ARM64
		{DDC0AD38-0118-4DD2-9050-98D741594442}.Release|x64.ActiveCfg = Release|x64
		{DDC0AD38-0118-4DD2-9050-98D741594442}.Release|x64.Build.0 = Release|x64
		{DDC0AD38-0118-4DD2-9050-98D741594442}.Release|x86.ActiveCfg = Release|x86
		{DDC0AD38-0118-4DD2-9050-98D741594442}.Release|x86.Build.0 = Release|x86
		{69912D97-4A97-4213-ACCF-F1495323D72A}.Debug|Any CPU.ActiveCfg = Debug|x86
		{69912D97-4A97-4213-ACCF-F1495323D72A}.Debug|ARM.ActiveCfg = Debug|ARM
		{69912D97-4A97-4213-ACCF-F1495323D72A}.Debug|ARM.Build.0 = Debug|ARM
		{69912D97-4A97-4213-ACCF-F1495323D72A}.Debug|ARM.Deploy.0 = Debug|ARM
		{69912D97-4A97-4213-ACCF-F1495323D72A}.Debug|ARM64.ActiveCfg = Debug|ARM64
		{69912D97-4A97-4213-ACCF-F1495323D72A}.Debug|ARM64.Build.0 = Debug|ARM64
		{69912D97-4A97-4213-ACCF-F1495323D72A}.Debug|ARM64.Deploy.0 = Debug|ARM64
		{69912D97-4A97-4213-ACCF-F1495323D72A}.Debug|x64.ActiveCfg = Debug|x64
		{69912D97-4A97-4213-ACCF-F1495323D72A}.Debug|x64.Build.0 = Debug|x64
		{69912D97-4A97-4213-ACCF-F1495323D72A}.Debug|x64.Deploy.0 = Debug|x64
		{69912D97-4A97-4213-ACCF-F1495323D72A}.Debug|x86.ActiveCfg = Debug|x86
		{69912D97-4A97-4213-ACCF-F1495323D72A}.Debug|x86.Build.0 = Debug|x86
		{69912D97-4A97-4213-ACCF-F1495323D72A}.Debug|x86.Deploy.0 = Debug|x86
		{69912D97-4A97-4213-ACCF-F1495323D72A}.Release|Any CPU.ActiveCfg = Release|x86
		{69912D97-4A97-4213-ACCF-F1495323D72A}.Release|ARM.ActiveCfg = Release|ARM
		{69912D97-4A97-4213-ACCF-F1495323D72A}.Release|ARM.Build.0 = Release|ARM
		{69912D97-4A97-4213-ACCF-F1495323D72A}.Release|ARM.Deploy.0 = Release|ARM
		{69912D97-4A97-4213-ACCF-F1495323D72A}.Release|ARM64.ActiveCfg = Release|ARM64
		{69912D97-4A97-4213-ACCF-F1495323D72A}.Release|ARM64.Build.0 = Release|ARM64
		{69912D97-4A97-4213-ACCF-F1495323D72A}.Release|ARM64.Deploy.0 = Release|ARM64
		{69912D97-4A97-4213-ACCF-F1495323D72A}.Release|x64.ActiveCfg = Release|x64
		{69912D97-4A97-4213-ACCF-F1495323D72A}.Release|x64.Build.0 = Release|x64
		{69912D97-4A97-4213-ACCF-F1495323D72A}.Release|x64.Deploy.0 = Release|x64
		{69912D97-4A97-4213-ACCF-F1495323D72A}.Release|x86.ActiveCfg = Release|x86
		{69912D97-4A97-4213-ACCF-F1495323D72A}.Release|x86.Build.0 = Release|x86
		{69912D97-4A97-4213-ACCF-F1495323D72A}.Release|x86.Deploy.0 = Release|x86
	EndGlobalSection
	GlobalSection(SolutionProperties) = preSolution
		HideSolutionNode = FALSE
	EndGlobalSection
	GlobalSection(ExtensibilityGlobals) = postSolution
		SolutionGuid = {86C9B558-5A60-45A0-B14E-EE63BAEE3ECA}
	EndGlobalSection
EndGlobal
